
Microsoft Visual Studio Solution File, Format Version 12.00
# Visual Studio Version 17
VisualStudioVersion = 17.5.002.0
MinimumVisualStudioVersion = 10.0.40219.1
Project("{9A19103F-16F7-4668-BE54-9A1E7A4F7556}") = "AStar", "AStar.csproj", "{8BD536F1-B76B-4408-8D09-DE30924D27A2}"
EndProject
Global
	GlobalSection(SolutionConfigurationPlatforms) = preSolution
		Debug|Any CPU = Debug|Any CPU
		Release|Any CPU = Release|Any CPU
	EndGlobalSection
	GlobalSection(ProjectConfigurationPlatforms) = postSolution
		{8BD536F1-B76B-4408-8D09-DE30924D27A2}.Debug|Any CPU.ActiveCfg = Debug|Any CPU
		{8BD536F1-B76B-4408-8D09-DE30924D27A2}.Debug|Any CPU.Build.0 = Debug|Any CPU
		{8BD536F1-B76B-4408-8D09-DE30924D27A2}.Release|Any CPU.ActiveCfg = Release|Any CPU
		{8BD536F1-B76B-4408-8D09-DE30924D27A2}.Release|Any CPU.Build.0 = Release|Any CPU
		{C7309ADF-6F3E-41EA-8D74-8C74E9D62DD2}.Debug|Any CPU.ActiveCfg = Debug|Any CPU
		{C7309ADF-6F3E-41EA-8D74-8C74E9D62DD2}.Debug|Any CPU.Build.0 = Debug|Any CPU
		{C7309ADF-6F3E-41EA-8D74-8C74E9D62DD2}.Release|Any CPU.ActiveCfg = Release|Any CPU
		{C7309ADF-6F3E-41EA-8D74-8C74E9D62DD2}.Release|Any CPU.Build.0 = Release|Any CPU
	EndGlobalSection
	GlobalSection(SolutionProperties) = preSolution
		HideSolutionNode = FALSE
	EndGlobalSection
	GlobalSection(ExtensibilityGlobals) = postSolution
		SolutionGuid = {B2CEA5CB-3ED3-4045-9AB8-ED9E361DC3EE}
	EndGlobalSection
EndGlobal
